
Microsoft Visual Studio Solution File, Format Version 12.00
# Visual Studio 15
VisualStudioVersion = 15.0.27428.2037
MinimumVisualStudioVersion = 10.0.40219.1
Project("{2150E333-8FDC-42A3-9474-1A3956D46DE8}") = "Server", "Server", "{2AF5A889-0A13-4CA6-AF1C-7044E1EF8B39}"
EndProject
Project("{2150E333-8FDC-42A3-9474-1A3956D46DE8}") = "src", "src", "{DDB6ED32-9B7F-4D71-A5FD-1940820FD1EA}"
EndProject
Project("{2150E333-8FDC-42A3-9474-1A3956D46DE8}") = "test", "test", "{B8860BE9-DDF0-4E63-8434-3F58E51E463C}"
EndProject
Project("{9A19103F-16F7-4668-BE54-9A1E7A4F7556}") = "Server.Data", "Server\src\Server.Data\Server.Data.csproj", "{46F29B89-F179-4C22-9EF0-7F79761F5B40}"
EndProject
Project("{9A19103F-16F7-4668-BE54-9A1E7A4F7556}") = "Server.EventBus", "Server\src\Server.EventBus\Server.EventBus.csproj", "{7566A7E9-994E-4CD1-B0C4-C5927F8BA71A}"
EndProject
Project("{9A19103F-16F7-4668-BE54-9A1E7A4F7556}") = "Server.Services", "Server\src\Server.Services\Server.Services.csproj", "{2CD6393C-9EEE-4AEF-9214-879E956260E7}"
EndProject
Project("{9A19103F-16F7-4668-BE54-9A1E7A4F7556}") = "Server.API", "Server\src\Server.API\Server.API.csproj", "{186CAD22-EB9F-4947-9E5E-3854A2F8EA5D}"
EndProject
Project("{9A19103F-16F7-4668-BE54-9A1E7A4F7556}") = "Server.UnitTests", "Server\test\Server.UnitTests\Server.UnitTests.csproj", "{29C8510B-BB4E-45A2-92D6-591D075710E4}"
EndProject
Project("{FAE04EC0-301F-11D3-BF4B-00C04F79EFBC}") = "Server.IntegrationTests", "Server\test\Server.IntegrationTests\Server.IntegrationTests.csproj", "{F27CC956-64DC-452D-A611-7FC32D9F805B}"
EndProject
Global
	GlobalSection(SolutionConfigurationPlatforms) = preSolution
		Debug|Any CPU = Debug|Any CPU
		Release|Any CPU = Release|Any CPU
	EndGlobalSection
	GlobalSection(ProjectConfigurationPlatforms) = postSolution
		{46F29B89-F179-4C22-9EF0-7F79761F5B40}.Debug|Any CPU.ActiveCfg = Debug|Any CPU
		{46F29B89-F179-4C22-9EF0-7F79761F5B40}.Debug|Any CPU.Build.0 = Debug|Any CPU
		{46F29B89-F179-4C22-9EF0-7F79761F5B40}.Release|Any CPU.ActiveCfg = Release|Any CPU
		{46F29B89-F179-4C22-9EF0-7F79761F5B40}.Release|Any CPU.Build.0 = Release|Any CPU
		{7566A7E9-994E-4CD1-B0C4-C5927F8BA71A}.Debug|Any CPU.ActiveCfg = Debug|Any CPU
		{7566A7E9-994E-4CD1-B0C4-C5927F8BA71A}.Debug|Any CPU.Build.0 = Debug|Any CPU
		{7566A7E9-994E-4CD1-B0C4-C5927F8BA71A}.Release|Any CPU.ActiveCfg = Release|Any CPU
		{7566A7E9-994E-4CD1-B0C4-C5927F8BA71A}.Release|Any CPU.Build.0 = Release|Any CPU
		{2CD6393C-9EEE-4AEF-9214-879E956260E7}.Debug|Any CPU.ActiveCfg = Debug|Any CPU
		{2CD6393C-9EEE-4AEF-9214-879E956260E7}.Debug|Any CPU.Build.0 = Debug|Any CPU
		{2CD6393C-9EEE-4AEF-9214-879E956260E7}.Release|Any CPU.ActiveCfg = Release|Any CPU
		{2CD6393C-9EEE-4AEF-9214-879E956260E7}.Release|Any CPU.Build.0 = Release|Any CPU
		{186CAD22-EB9F-4947-9E5E-3854A2F8EA5D}.Debug|Any CPU.ActiveCfg = Debug|Any CPU
		{186CAD22-EB9F-4947-9E5E-3854A2F8EA5D}.Debug|Any CPU.Build.0 = Debug|Any CPU
		{186CAD22-EB9F-4947-9E5E-3854A2F8EA5D}.Release|Any CPU.ActiveCfg = Release|Any CPU
		{186CAD22-EB9F-4947-9E5E-3854A2F8EA5D}.Release|Any CPU.Build.0 = Release|Any CPU
		{29C8510B-BB4E-45A2-92D6-591D075710E4}.Debug|Any CPU.ActiveCfg = Debug|Any CPU
		{29C8510B-BB4E-45A2-92D6-591D075710E4}.Debug|Any CPU.Build.0 = Debug|Any CPU
		{29C8510B-BB4E-45A2-92D6-591D075710E4}.Release|Any CPU.ActiveCfg = Release|Any CPU
		{29C8510B-BB4E-45A2-92D6-591D075710E4}.Release|Any CPU.Build.0 = Release|Any CPU
		{F27CC956-64DC-452D-A611-7FC32D9F805B}.Debug|Any CPU.ActiveCfg = Debug|Any CPU
		{F27CC956-64DC-452D-A611-7FC32D9F805B}.Debug|Any CPU.Build.0 = Debug|Any CPU
		{F27CC956-64DC-452D-A611-7FC32D9F805B}.Release|Any CPU.ActiveCfg = Release|Any CPU
		{F27CC956-64DC-452D-A611-7FC32D9F805B}.Release|Any CPU.Build.0 = Release|Any CPU
	EndGlobalSection
	GlobalSection(SolutionProperties) = preSolution
		HideSolutionNode = FALSE
	EndGlobalSection
	GlobalSection(NestedProjects) = preSolution
		{DDB6ED32-9B7F-4D71-A5FD-1940820FD1EA} = {2AF5A889-0A13-4CA6-AF1C-7044E1EF8B39}
		{B8860BE9-DDF0-4E63-8434-3F58E51E463C} = {2AF5A889-0A13-4CA6-AF1C-7044E1EF8B39}
		{46F29B89-F179-4C22-9EF0-7F79761F5B40} = {DDB6ED32-9B7F-4D71-A5FD-1940820FD1EA}
		{7566A7E9-994E-4CD1-B0C4-C5927F8BA71A} = {DDB6ED32-9B7F-4D71-A5FD-1940820FD1EA}
		{2CD6393C-9EEE-4AEF-9214-879E956260E7} = {DDB6ED32-9B7F-4D71-A5FD-1940820FD1EA}
		{186CAD22-EB9F-4947-9E5E-3854A2F8EA5D} = {DDB6ED32-9B7F-4D71-A5FD-1940820FD1EA}
		{29C8510B-BB4E-45A2-92D6-591D075710E4} = {B8860BE9-DDF0-4E63-8434-3F58E51E463C}
		{F27CC956-64DC-452D-A611-7FC32D9F805B} = {B8860BE9-DDF0-4E63-8434-3F58E51E463C}
	EndGlobalSection
	GlobalSection(ExtensibilityGlobals) = postSolution
		SolutionGuid = {12FB9671-4852-4C93-8BB1-C073E2FB6FAF}
	EndGlobalSection
EndGlobal
