
Microsoft Visual Studio Solution File, Format Version 12.00
# Visual Studio 15
VisualStudioVersion = 15.0.27428.2037
MinimumVisualStudioVersion = 10.0.40219.1
Project("{FAE04EC0-301F-11D3-BF4B-00C04F79EFBC}") = "Server", "Server\Server.csproj", "{AB8C1B6F-1049-4DE3-B4B1-C5B3F69DB715}"
EndProject
Project("{FAE04EC0-301F-11D3-BF4B-00C04F79EFBC}") = "Server.Data", "Server.Data\Server.Data.csproj", "{60B4AD06-E7FD-420B-8750-65C8DDCB85B5}"
EndProject
Project("{FAE04EC0-301F-11D3-BF4B-00C04F79EFBC}") = "Server.Services", "Server.Services\Server.Services.csproj", "{287B6306-8CFF-4ABB-A1C5-522A618FABE5}"
EndProject
Global
	GlobalSection(SolutionConfigurationPlatforms) = preSolution
		Debug|Any CPU = Debug|Any CPU
		Release|Any CPU = Release|Any CPU
	EndGlobalSection
	GlobalSection(ProjectConfigurationPlatforms) = postSolution
		{AB8C1B6F-1049-4DE3-B4B1-C5B3F69DB715}.Debug|Any CPU.ActiveCfg = Debug|Any CPU
		{AB8C1B6F-1049-4DE3-B4B1-C5B3F69DB715}.Debug|Any CPU.Build.0 = Debug|Any CPU
		{AB8C1B6F-1049-4DE3-B4B1-C5B3F69DB715}.Release|Any CPU.ActiveCfg = Release|Any CPU
		{AB8C1B6F-1049-4DE3-B4B1-C5B3F69DB715}.Release|Any CPU.Build.0 = Release|Any CPU
		{60B4AD06-E7FD-420B-8750-65C8DDCB85B5}.Debug|Any CPU.ActiveCfg = Debug|Any CPU
		{60B4AD06-E7FD-420B-8750-65C8DDCB85B5}.Debug|Any CPU.Build.0 = Debug|Any CPU
		{60B4AD06-E7FD-420B-8750-65C8DDCB85B5}.Release|Any CPU.ActiveCfg = Release|Any CPU
		{60B4AD06-E7FD-420B-8750-65C8DDCB85B5}.Release|Any CPU.Build.0 = Release|Any CPU
		{287B6306-8CFF-4ABB-A1C5-522A618FABE5}.Debug|Any CPU.ActiveCfg = Debug|Any CPU
		{287B6306-8CFF-4ABB-A1C5-522A618FABE5}.Debug|Any CPU.Build.0 = Debug|Any CPU
		{287B6306-8CFF-4ABB-A1C5-522A618FABE5}.Release|Any CPU.ActiveCfg = Release|Any CPU
		{287B6306-8CFF-4ABB-A1C5-522A618FABE5}.Release|Any CPU.Build.0 = Release|Any CPU
	EndGlobalSection
	GlobalSection(SolutionProperties) = preSolution
		HideSolutionNode = FALSE
	EndGlobalSection
	GlobalSection(ExtensibilityGlobals) = postSolution
		SolutionGuid = {12FB9671-4852-4C93-8BB1-C073E2FB6FAF}
	EndGlobalSection
EndGlobal
